
Microsoft Visual Studio Solution File, Format Version 12.00
# Visual Studio Version 17
VisualStudioVersion = 17.14.36414.22 d17.14
MinimumVisualStudioVersion = 10.0.40219.1
Project("{FAE04EC0-301F-11D3-BF4B-00C04F79EFBC}") = "KIRANI AYU H. X PPLG 2", "KIRANI AYU H. X PPLG 2.csproj", "{8D0754D9-2E19-4549-BC2D-D57C4898481D}"
EndProject
Global
	GlobalSection(SolutionConfigurationPlatforms) = preSolution
		Debug|Any CPU = Debug|Any CPU
		Release|Any CPU = Release|Any CPU
	EndGlobalSection
	GlobalSection(ProjectConfigurationPlatforms) = postSolution
		{8D0754D9-2E19-4549-BC2D-D57C4898481D}.Debug|Any CPU.ActiveCfg = Debug|Any CPU
		{8D0754D9-2E19-4549-BC2D-D57C4898481D}.Debug|Any CPU.Build.0 = Debug|Any CPU
		{8D0754D9-2E19-4549-BC2D-D57C4898481D}.Release|Any CPU.ActiveCfg = Release|Any CPU
		{8D0754D9-2E19-4549-BC2D-D57C4898481D}.Release|Any CPU.Build.0 = Release|Any CPU
	EndGlobalSection
	GlobalSection(SolutionProperties) = preSolution
		HideSolutionNode = FALSE
	EndGlobalSection
	GlobalSection(ExtensibilityGlobals) = postSolution
		SolutionGuid = {0E1C7386-AE14-48BE-9045-80672D5F4EA8}
	EndGlobalSection
EndGlobal
